{
  "name": "object-factory",
  "version": "1.0.0",
  "lockfileVersion": 1,
  "requires": true,
  "dependencies": {
    "basic-data-handling": {
      "version": "1.0.7",
      "resolved": "https://registry.npmjs.org/basic-data-handling/-/basic-data-handling-1.0.7.tgz",
      "integrity": "sha512-WViSVG0YXHZ1t3aCxjArAGcnS3RlXaLfEVQA/36m+WBLQQUlq3tYgNYi4B3Bjd5AVWyKYI3eJDMZeXlxsbMqew=="
    },
    "datatype-handlers": {
      "version": "1.0.2",
      "resolved": "https://registry.npmjs.org/datatype-handlers/-/datatype-handlers-1.0.2.tgz",
      "integrity": "sha512-l+WoAN6sRSb/uF53OTEe79GJIUYnMEE3drpKT9n7OJWHjkitnUmgFaiDo8dlFLNK6hIdpokZ0mcle3mXhBpJVQ==",
      "requires": {
        "basic-data-handling": "^1.0.7"
      }
    },
    "intuitive-array-handlers": {
      "version": "1.0.0",
      "resolved": "https://registry.npmjs.org/intuitive-array-handlers/-/intuitive-array-handlers-1.0.0.tgz",
      "integrity": "sha512-AatwAJFhPRSJqVEYpMMZt8Y1+0kCmBMj6EtP2XDMn1lP5l2BxncVXIBR+NPB3ANe08W+WvGGy9pDBsdKuu253w==",
      "requires": {
        "basic-data-handling": "^1.0.7"
      }
    },
    "self-identifiable-method-chainable-batch-getter-setter": {
      "version": "1.0.0",
      "resolved": "https://registry.npmjs.org/self-identifiable-method-chainable-batch-getter-setter/-/self-identifiable-method-chainable-batch-getter-setter-1.0.0.tgz",
      "integrity": "sha512-sJofIVAqlFOrJoZr7oMpUaB0pVyhhXDu95r0TSL6/oKY2HajEwv2O+583OiwTN0TM+qRF9NtSA/NhKnM6PBnuQ=="
    }
  }
}
