{
  "name": "object-factory",
  "version": "1.0.0",
  "lockfileVersion": 1,
  "requires": true,
  "dependencies": {
    "basic-data-handling": {
      "version": "1.0.7",
      "resolved": "https://registry.npmjs.org/basic-data-handling/-/basic-data-handling-1.0.7.tgz",
      "integrity": "sha512-WViSVG0YXHZ1t3aCxjArAGcnS3RlXaLfEVQA/36m+WBLQQUlq3tYgNYi4B3Bjd5AVWyKYI3eJDMZeXlxsbMqew=="
    }
  }
}
